// !$*UTF8*$!
{
	archiveVersion = 1;
	classes = {
	};
	objectVersion = 48;
	objects = {

/* Begin PBXBuildFile section */
		669262B32057552200DDC379 /* AppDelegate.swift in Sources */ = {isa = PBXBuildFile; fileRef = 669262B22057552200DDC379 /* AppDelegate.swift */; };
		669262B52057552200DDC379 /* ViewController.swift in Sources */ = {isa = PBXBuildFile; fileRef = 669262B42057552200DDC379 /* ViewController.swift */; };
		669262BA2057552200DDC379 /* Assets.xcassets in Resources */ = {isa = PBXBuildFile; fileRef = 669262B92057552200DDC379 /* Assets.xcassets */; };
		669262BD2057552200DDC379 /* LaunchScreen.storyboard in Resources */ = {isa = PBXBuildFile; fileRef = 669262BB2057552200DDC379 /* LaunchScreen.storyboard */; };
		669262C52059F88400DDC379 /* PlayView.swift in Sources */ = {isa = PBXBuildFile; fileRef = 669262C42059F88400DDC379 /* PlayView.swift */; };
		669262C72059FA6800DDC379 /* PlayViewExtention.swift in Sources */ = {isa = PBXBuildFile; fileRef = 669262C62059FA6800DDC379 /* PlayViewExtention.swift */; };
		669262C92059FD8E00DDC379 /* LevelCell.swift in Sources */ = {isa = PBXBuildFile; fileRef = 669262C82059FD8E00DDC379 /* LevelCell.swift */; };
		669262CB2065B8B000DDC379 /* ViewControllerLevelView.swift in Sources */ = {isa = PBXBuildFile; fileRef = 669262CA2065B8B000DDC379 /* ViewControllerLevelView.swift */; };
		669262CD2069813900DDC379 /* HelpView.swift in Sources */ = {isa = PBXBuildFile; fileRef = 669262CC2069813900DDC379 /* HelpView.swift */; };
		66A879BF2069CEC1007F8399 /* GameScreen.swift in Sources */ = {isa = PBXBuildFile; fileRef = 66A879BE2069CEC1007F8399 /* GameScreen.swift */; };
/* End PBXBuildFile section */

/* Begin PBXFileReference section */
		669262AF2057552200DDC379 /* Color Clicker.app */ = {isa = PBXFileReference; explicitFileType = wrapper.application; includeInIndex = 0; path = "Color Clicker.app"; sourceTree = BUILT_PRODUCTS_DIR; };
		669262B22057552200DDC379 /* AppDelegate.swift */ = {isa = PBXFileReference; lastKnownFileType = sourcecode.swift; path = AppDelegate.swift; sourceTree = "<group>"; };
		669262B42057552200DDC379 /* ViewController.swift */ = {isa = PBXFileReference; lastKnownFileType = sourcecode.swift; path = ViewController.swift; sourceTree = "<group>"; };
		669262B92057552200DDC379 /* Assets.xcassets */ = {isa = PBXFileReference; lastKnownFileType = folder.assetcatalog; path = Assets.xcassets; sourceTree = "<group>"; };
		669262BC2057552200DDC379 /* Base */ = {isa = PBXFileReference; lastKnownFileType = file.storyboard; name = Base; path = Base.lproj/LaunchScreen.storyboard; sourceTree = "<group>"; };
		669262BE2057552200DDC379 /* Info.plist */ = {isa = PBXFileReference; lastKnownFileType = text.plist.xml; path = Info.plist; sourceTree = "<group>"; };
		669262C42059F88400DDC379 /* PlayView.swift */ = {isa = PBXFileReference; lastKnownFileType = sourcecode.swift; path = PlayView.swift; sourceTree = "<group>"; xcLanguageSpecificationIdentifier = xcode.lang.swift; };
		669262C62059FA6800DDC379 /* PlayViewExtention.swift */ = {isa = PBXFileReference; lastKnownFileType = sourcecode.swift; path = PlayViewExtention.swift; sourceTree = "<group>"; };
		669262C82059FD8E00DDC379 /* LevelCell.swift */ = {isa = PBXFileReference; lastKnownFileType = sourcecode.swift; path = LevelCell.swift; sourceTree = "<group>"; };
		669262CA2065B8B000DDC379 /* ViewControllerLevelView.swift */ = {isa = PBXFileReference; lastKnownFileType = sourcecode.swift; path = ViewControllerLevelView.swift; sourceTree = "<group>"; };
		669262CC2069813900DDC379 /* HelpView.swift */ = {isa = PBXFileReference; lastKnownFileType = sourcecode.swift; path = HelpView.swift; sourceTree = "<group>"; };
		66A879BE2069CEC1007F8399 /* GameScreen.swift */ = {isa = PBXFileReference; lastKnownFileType = sourcecode.swift; path = GameScreen.swift; sourceTree = "<group>"; };
/* End PBXFileReference section */

/* Begin PBXFrameworksBuildPhase section */
		669262AC2057552200DDC379 /* Frameworks */ = {
			isa = PBXFrameworksBuildPhase;
			buildActionMask = 2147483647;
			files = (
			);
			runOnlyForDeploymentPostprocessing = 0;
		};
/* End PBXFrameworksBuildPhase section */

/* Begin PBXGroup section */
		669262A62057552200DDC379 = {
			isa = PBXGroup;
			children = (
				669262B12057552200DDC379 /* Color Clicker */,
				669262B02057552200DDC379 /* Products */,
			);
			sourceTree = "<group>";
		};
		669262B02057552200DDC379 /* Products */ = {
			isa = PBXGroup;
			children = (
				669262AF2057552200DDC379 /* Color Clicker.app */,
			);
			name = Products;
			sourceTree = "<group>";
		};
		669262B12057552200DDC379 /* Color Clicker */ = {
			isa = PBXGroup;
			children = (
				669262B22057552200DDC379 /* AppDelegate.swift */,
				669262B42057552200DDC379 /* ViewController.swift */,
				669262CC2069813900DDC379 /* HelpView.swift */,
				669262C42059F88400DDC379 /* PlayView.swift */,
				669262C62059FA6800DDC379 /* PlayViewExtention.swift */,
				66A879BE2069CEC1007F8399 /* GameScreen.swift */,
				669262C82059FD8E00DDC379 /* LevelCell.swift */,
				669262CA2065B8B000DDC379 /* ViewControllerLevelView.swift */,
				669262B92057552200DDC379 /* Assets.xcassets */,
				669262BB2057552200DDC379 /* LaunchScreen.storyboard */,
				669262BE2057552200DDC379 /* Info.plist */,
			);
			path = "Color Clicker";
			sourceTree = "<group>";
		};
/* End PBXGroup section */

/* Begin PBXNativeTarget section */
		669262AE2057552200DDC379 /* Color Clicker */ = {
			isa = PBXNativeTarget;
			buildConfigurationList = 669262C12057552200DDC379 /* Build configuration list for PBXNativeTarget "Color Clicker" */;
			buildPhases = (
				669262AB2057552200DDC379 /* Sources */,
				669262AC2057552200DDC379 /* Frameworks */,
				669262AD2057552200DDC379 /* Resources */,
			);
			buildRules = (
			);
			dependencies = (
			);
			name = "Color Clicker";
			productName = "Color Clicker";
			productReference = 669262AF2057552200DDC379 /* Color Clicker.app */;
			productType = "com.apple.product-type.application";
		};
/* End PBXNativeTarget section */

/* Begin PBXProject section */
		669262A72057552200DDC379 /* Project object */ = {
			isa = PBXProject;
			attributes = {
				LastSwiftUpdateCheck = 0920;
				LastUpgradeCheck = 0930;
				ORGANIZATIONNAME = "Adam Farago";
				TargetAttributes = {
					669262AE2057552200DDC379 = {
						CreatedOnToolsVersion = 9.2;
						ProvisioningStyle = Automatic;
					};
				};
			};
			buildConfigurationList = 669262AA2057552200DDC379 /* Build configuration list for PBXProject "Color Clicker" */;
			compatibilityVersion = "Xcode 8.0";
			developmentRegion = en;
			hasScannedForEncodings = 0;
			knownRegions = (
				en,
				Base,
			);
			mainGroup = 669262A62057552200DDC379;
			productRefGroup = 669262B02057552200DDC379 /* Products */;
			projectDirPath = "";
			projectRoot = "";
			targets = (
				669262AE2057552200DDC379 /* Color Clicker */,
			);
		};
/* End PBXProject section */

/* Begin PBXResourcesBuildPhase section */
		669262AD2057552200DDC379 /* Resources */ = {
			isa = PBXResourcesBuildPhase;
			buildActionMask = 2147483647;
			files = (
				669262BD2057552200DDC379 /* LaunchScreen.storyboard in Resources */,
				669262BA2057552200DDC379 /* Assets.xcassets in Resources */,
			);
			runOnlyForDeploymentPostprocessing = 0;
		};
/* End PBXResourcesBuildPhase section */

/* Begin PBXSourcesBuildPhase section */
		669262AB2057552200DDC379 /* Sources */ = {
			isa = PBXSourcesBuildPhase;
			buildActionMask = 2147483647;
			files = (
				669262C52059F88400DDC379 /* PlayView.swift in Sources */,
				669262C72059FA6800DDC379 /* PlayViewExtention.swift in Sources */,
				669262CB2065B8B000DDC379 /* ViewControllerLevelView.swift in Sources */,
				669262CD2069813900DDC379 /* HelpView.swift in Sources */,
				66A879BF2069CEC1007F8399 /* GameScreen.swift in Sources */,
				669262B52057552200DDC379 /* ViewController.swift in Sources */,
				669262C92059FD8E00DDC379 /* LevelCell.swift in Sources */,
				669262B32057552200DDC379 /* AppDelegate.swift in Sources */,
			);
			runOnlyForDeploymentPostprocessing = 0;
		};
/* End PBXSourcesBuildPhase section */

/* Begin PBXVariantGroup section */
		669262BB2057552200DDC379 /* LaunchScreen.storyboard */ = {
			isa = PBXVariantGroup;
			children = (
				669262BC2057552200DDC379 /* Base */,
			);
			name = LaunchScreen.storyboard;
			sourceTree = "<group>";
		};
/* End PBXVariantGroup section */

/* Begin XCBuildConfiguration section */
		669262BF2057552200DDC379 /* Debug */ = {
			isa = XCBuildConfiguration;
			buildSettings = {
				ALWAYS_SEARCH_USER_PATHS = NO;
				CLANG_ANALYZER_NONNULL = YES;
				CLANG_ANALYZER_NUMBER_OBJECT_CONVERSION = YES_AGGRESSIVE;
				CLANG_CXX_LANGUAGE_STANDARD = "gnu++14";
				CLANG_CXX_LIBRARY = "libc++";
				CLANG_ENABLE_MODULES = YES;
				CLANG_ENABLE_OBJC_ARC = YES;
				CLANG_WARN_BLOCK_CAPTURE_AUTORELEASING = YES;
				CLANG_WARN_BOOL_CONVERSION = YES;
				CLANG_WARN_COMMA = YES;
				CLANG_WARN_CONSTANT_CONVERSION = YES;
				CLANG_WARN_DEPRECATED_OBJC_IMPLEMENTATIONS = YES;
				CLANG_WARN_DIRECT_OBJC_ISA_USAGE = YES_ERROR;
				CLANG_WARN_DOCUMENTATION_COMMENTS = YES;
				CLANG_WARN_EMPTY_BODY = YES;
				CLANG_WARN_ENUM_CONVERSION = YES;
				CLANG_WARN_INFINITE_RECURSION = YES;
				CLANG_WARN_INT_CONVERSION = YES;
				CLANG_WARN_NON_LITERAL_NULL_CONVERSION = YES;
				CLANG_WARN_OBJC_IMPLICIT_RETAIN_SELF = YES;
				CLANG_WARN_OBJC_LITERAL_CONVERSION = YES;
				CLANG_WARN_OBJC_ROOT_CLASS = YES_ERROR;
				CLANG_WARN_RANGE_LOOP_ANALYSIS = YES;
				CLANG_WARN_STRICT_PROTOTYPES = YES;
				CLANG_WARN_SUSPICIOUS_MOVE = YES;
				CLANG_WARN_UNGUARDED_AVAILABILITY = YES_AGGRESSIVE;
				CLANG_WARN_UNREACHABLE_CODE = YES;
				CLANG_WARN__DUPLICATE_METHOD_MATCH = YES;
				CODE_SIGN_IDENTITY = "iPhone Developer";
				COPY_PHASE_STRIP = NO;
				DEBUG_INFORMATION_FORMAT = dwarf;
				ENABLE_STRICT_OBJC_MSGSEND = YES;
				ENABLE_TESTABILITY = YES;
				GCC_C_LANGUAGE_STANDARD = gnu11;
				GCC_DYNAMIC_NO_PIC = NO;
				GCC_NO_COMMON_BLOCKS = YES;
				GCC_OPTIMIZATION_LEVEL = 0;
				GCC_PREPROCESSOR_DEFINITIONS = (
					"DEBUG=1",
					"$(inherited)",
				);
				GCC_WARN_64_TO_32_BIT_CONVERSION = YES;
				GCC_WARN_ABOUT_RETURN_TYPE = YES_ERROR;
				GCC_WARN_UNDECLARED_SELECTOR = YES;
				GCC_WARN_UNINITIALIZED_AUTOS = YES_AGGRESSIVE;
				GCC_WARN_UNUSED_FUNCTION = YES;
				GCC_WARN_UNUSED_VARIABLE = YES;
				IPHONEOS_DEPLOYMENT_TARGET = 11.2;
				MTL_ENABLE_DEBUG_INFO = YES;
				ONLY_ACTIVE_ARCH = YES;
				SDKROOT = iphoneos;
				SWIFT_ACTIVE_COMPILATION_CONDITIONS = DEBUG;
				SWIFT_OPTIMIZATION_LEVEL = "-Onone";
			};
			name = Debug;
		};
		669262C02057552200DDC379 /* Release */ = {
			isa = XCBuildConfiguration;
			buildSettings = {
				ALWAYS_SEARCH_USER_PATHS = NO;
				CLANG_ANALYZER_NONNULL = YES;
				CLANG_ANALYZER_NUMBER_OBJECT_CONVERSION = YES_AGGRESSIVE;
				CLANG_CXX_LANGUAGE_STANDARD = "gnu++14";
				CLANG_CXX_LIBRARY = "libc++";
				CLANG_ENABLE_MODULES = YES;
				CLANG_ENABLE_OBJC_ARC = YES;
				CLANG_WARN_BLOCK_CAPTURE_AUTORELEASING = YES;
				CLANG_WARN_BOOL_CONVERSION = YES;
				CLANG_WARN_COMMA = YES;
				CLANG_WARN_CONSTANT_CONVERSION = YES;
				CLANG_WARN_DEPRECATED_OBJC_IMPLEMENTATIONS = YES;
				CLANG_WARN_DIRECT_OBJC_ISA_USAGE = YES_ERROR;
				CLANG_WARN_DOCUMENTATION_COMMENTS = YES;
				CLANG_WARN_EMPTY_BODY = YES;
				CLANG_WARN_ENUM_CONVERSION = YES;
				CLANG_WARN_INFINITE_RECURSION = YES;
				CLANG_WARN_INT_CONVERSION = YES;
				CLANG_WARN_NON_LITERAL_NULL_CONVERSION = YES;
				CLANG_WARN_OBJC_IMPLICIT_RETAIN_SELF = YES;
				CLANG_WARN_OBJC_LITERAL_CONVERSION = YES;
				CLANG_WARN_OBJC_ROOT_CLASS = YES_ERROR;
				CLANG_WARN_RANGE_LOOP_ANALYSIS = YES;
				CLANG_WARN_STRICT_PROTOTYPES = YES;
				CLANG_WARN_SUSPICIOUS_MOVE = YES;
				CLANG_WARN_UNGUARDED_AVAILABILITY = YES_AGGRESSIVE;
				CLANG_WARN_UNREACHABLE_CODE = YES;
				CLANG_WARN__DUPLICATE_METHOD_MATCH = YES;
				CODE_SIGN_IDENTITY = "iPhone Developer";
				COPY_PHASE_STRIP = NO;
				DEBUG_INFORMATION_FORMAT = "dwarf-with-dsym";
				ENABLE_NS_ASSERTIONS = NO;
				ENABLE_STRICT_OBJC_MSGSEND = YES;
				GCC_C_LANGUAGE_STANDARD = gnu11;
				GCC_NO_COMMON_BLOCKS = YES;
				GCC_WARN_64_TO_32_BIT_CONVERSION = YES;
				GCC_WARN_ABOUT_RETURN_TYPE = YES_ERROR;
				GCC_WARN_UNDECLARED_SELECTOR = YES;
				GCC_WARN_UNINITIALIZED_AUTOS = YES_AGGRESSIVE;
				GCC_WARN_UNUSED_FUNCTION = YES;
				GCC_WARN_UNUSED_VARIABLE = YES;
				IPHONEOS_DEPLOYMENT_TARGET = 11.2;
				MTL_ENABLE_DEBUG_INFO = NO;
				SDKROOT = iphoneos;
				SWIFT_OPTIMIZATION_LEVEL = "-Owholemodule";
				VALIDATE_PRODUCT = YES;
			};
			name = Release;
		};
		669262C22057552200DDC379 /* Debug */ = {
			isa = XCBuildConfiguration;
			buildSettings = {
				ASSETCATALOG_COMPILER_APPICON_NAME = AppIcon;
				CODE_SIGN_STYLE = Automatic;
				INFOPLIST_FILE = "Color Clicker/Info.plist";
				LD_RUNPATH_SEARCH_PATHS = "$(inherited) @executable_path/Frameworks";
				PRODUCT_BUNDLE_IDENTIFIER = "com.adamfarago.Color-Clicker";
				PRODUCT_NAME = "$(TARGET_NAME)";
				SWIFT_VERSION = 4.0;
				TARGETED_DEVICE_FAMILY = "1,2";
			};
			name = Debug;
		};
		669262C32057552200DDC379 /* Release */ = {
			isa = XCBuildConfiguration;
			buildSettings = {
				ASSETCATALOG_COMPILER_APPICON_NAME = AppIcon;
				CODE_SIGN_STYLE = Automatic;
				INFOPLIST_FILE = "Color Clicker/Info.plist";
				LD_RUNPATH_SEARCH_PATHS = "$(inherited) @executable_path/Frameworks";
				PRODUCT_BUNDLE_IDENTIFIER = "com.adamfarago.Color-Clicker";
				PRODUCT_NAME = "$(TARGET_NAME)";
				SWIFT_VERSION = 4.0;
				TARGETED_DEVICE_FAMILY = "1,2";
			};
			name = Release;
		};
/* End XCBuildConfiguration section */

/* Begin XCConfigurationList section */
		669262AA2057552200DDC379 /* Build configuration list for PBXProject "Color Clicker" */ = {
			isa = XCConfigurationList;
			buildConfigurations = (
				669262BF2057552200DDC379 /* Debug */,
				669262C02057552200DDC379 /* Release */,
			);
			defaultConfigurationIsVisible = 0;
			defaultConfigurationName = Release;
		};
		669262C12057552200DDC379 /* Build configuration list for PBXNativeTarget "Color Clicker" */ = {
			isa = XCConfigurationList;
			buildConfigurations = (
				669262C22057552200DDC379 /* Debug */,
				669262C32057552200DDC379 /* Release */,
			);
			defaultConfigurationIsVisible = 0;
			defaultConfigurationName = Release;
		};
/* End XCConfigurationList section */
	};
	rootObject = 669262A72057552200DDC379 /* Project object */;
}
